
Microsoft Visual Studio Solution File, Format Version 12.00
# Visual Studio Version 17
VisualStudioVersion = 17.9.34310.174
MinimumVisualStudioVersion = 10.0.40219.1
Project("{FAE04EC0-301F-11D3-BF4B-00C04F79EFBC}") = "RinhaDeBackEnd", "RinhaDeBackEnd\RinhaDeBackEnd.csproj", "{EE4B8F4C-30AD-48CE-ACF4-BEADF7DB33ED}"
EndProject
Project("{E53339B2-1760-4266-BCC7-CA923CBCF16C}") = "docker-compose", "docker-compose.dcproj", "{FD3486D9-AFF9-4D1F-8C1F-2BA118E091C4}"
EndProject
Global
	GlobalSection(SolutionConfigurationPlatforms) = preSolution
		Debug|Any CPU = Debug|Any CPU
		Release|Any CPU = Release|Any CPU
	EndGlobalSection
	GlobalSection(ProjectConfigurationPlatforms) = postSolution
		{EE4B8F4C-30AD-48CE-ACF4-BEADF7DB33ED}.Debug|Any CPU.ActiveCfg = Debug|Any CPU
		{EE4B8F4C-30AD-48CE-ACF4-BEADF7DB33ED}.Debug|Any CPU.Build.0 = Debug|Any CPU
		{EE4B8F4C-30AD-48CE-ACF4-BEADF7DB33ED}.Release|Any CPU.ActiveCfg = Release|Any CPU
		{EE4B8F4C-30AD-48CE-ACF4-BEADF7DB33ED}.Release|Any CPU.Build.0 = Release|Any CPU
		{FD3486D9-AFF9-4D1F-8C1F-2BA118E091C4}.Debug|Any CPU.ActiveCfg = Debug|Any CPU
		{FD3486D9-AFF9-4D1F-8C1F-2BA118E091C4}.Debug|Any CPU.Build.0 = Debug|Any CPU
		{FD3486D9-AFF9-4D1F-8C1F-2BA118E091C4}.Release|Any CPU.ActiveCfg = Release|Any CPU
		{FD3486D9-AFF9-4D1F-8C1F-2BA118E091C4}.Release|Any CPU.Build.0 = Release|Any CPU
	EndGlobalSection
	GlobalSection(SolutionProperties) = preSolution
		HideSolutionNode = FALSE
	EndGlobalSection
	GlobalSection(ExtensibilityGlobals) = postSolution
		SolutionGuid = {850A2E25-08E5-4DBB-8CB5-4CC50171DB86}
	EndGlobalSection
EndGlobal
